
Microsoft Visual Studio Solution File, Format Version 12.00
# Visual Studio Version 16
VisualStudioVersion = 16.0.31205.134
MinimumVisualStudioVersion = 10.0.40219.1
Project("{FAE04EC0-301F-11D3-BF4B-00C04F79EFBC}") = "VirtualCanvas", "VirtualCanvas.csproj", "{3A720E6D-346F-41B1-BA5F-747A1AECCA99}"
EndProject
Global
	GlobalSection(SolutionConfigurationPlatforms) = preSolution
		Debug|Any CPU = Debug|Any CPU
		Release|Any CPU = Release|Any CPU
	EndGlobalSection
	GlobalSection(ProjectConfigurationPlatforms) = postSolution
		{3A720E6D-346F-41B1-BA5F-747A1AECCA99}.Debug|Any CPU.ActiveCfg = Debug|Any CPU
		{3A720E6D-346F-41B1-BA5F-747A1AECCA99}.Debug|Any CPU.Build.0 = Debug|Any CPU
		{3A720E6D-346F-41B1-BA5F-747A1AECCA99}.Release|Any CPU.ActiveCfg = Release|Any CPU
		{3A720E6D-346F-41B1-BA5F-747A1AECCA99}.Release|Any CPU.Build.0 = Release|Any CPU
	EndGlobalSection
	GlobalSection(SolutionProperties) = preSolution
		HideSolutionNode = FALSE
	EndGlobalSection
	GlobalSection(ExtensibilityGlobals) = postSolution
		SolutionGuid = {C822EACC-EF0B-4774-BD9D-FAC6D81E134C}
	EndGlobalSection
EndGlobal
